
Microsoft Visual Studio Solution File, Format Version 11.00
# Visual Studio 2010
Project("{FAE04EC0-301F-11D3-BF4B-00C04F79EFBC}") = "Assembly-CSharp", "Assembly-CSharp.csproj", "{C012CC5E-9841-9BA0-BBBB-25ADEA9064E3}"
EndProject
Project("{FAE04EC0-301F-11D3-BF4B-00C04F79EFBC}") = "Assembly-CSharp-Editor", "Assembly-CSharp-Editor.csproj", "{60F27371-CB2A-40DF-DA44-DC0A0639B869}"
EndProject
Global
	GlobalSection(SolutionConfigurationPlatforms) = preSolution
		Debug|Any CPU = Debug|Any CPU
		Release|Any CPU = Release|Any CPU
	EndGlobalSection
	GlobalSection(ProjectConfigurationPlatforms) = postSolution
		{C012CC5E-9841-9BA0-BBBB-25ADEA9064E3}.Debug|Any CPU.ActiveCfg = Debug|Any CPU
		{C012CC5E-9841-9BA0-BBBB-25ADEA9064E3}.Debug|Any CPU.Build.0 = Debug|Any CPU
		{C012CC5E-9841-9BA0-BBBB-25ADEA9064E3}.Release|Any CPU.ActiveCfg = Release|Any CPU
		{C012CC5E-9841-9BA0-BBBB-25ADEA9064E3}.Release|Any CPU.Build.0 = Release|Any CPU
		{60F27371-CB2A-40DF-DA44-DC0A0639B869}.Debug|Any CPU.ActiveCfg = Debug|Any CPU
		{60F27371-CB2A-40DF-DA44-DC0A0639B869}.Debug|Any CPU.Build.0 = Debug|Any CPU
		{60F27371-CB2A-40DF-DA44-DC0A0639B869}.Release|Any CPU.ActiveCfg = Release|Any CPU
		{60F27371-CB2A-40DF-DA44-DC0A0639B869}.Release|Any CPU.Build.0 = Release|Any CPU
	EndGlobalSection
	GlobalSection(SolutionProperties) = preSolution
		HideSolutionNode = FALSE
	EndGlobalSection
EndGlobal
